
Microsoft Visual Studio Solution File, Format Version 12.00
# Visual Studio Version 17
VisualStudioVersion = 17.5.33414.496
MinimumVisualStudioVersion = 10.0.40219.1
Project("{9A19103F-16F7-4668-BE54-9A1E7A4F7556}") = "evelina", "evelina\evelina.csproj", "{0447566F-B945-4721-8BC0-662AC0DACA80}"
EndProject
Project("{9A19103F-16F7-4668-BE54-9A1E7A4F7556}") = "evelina.Android", "evelina.Android\evelina.Android.csproj", "{AFC284DB-B470-4BCB-90AF-6A58F7431428}"
EndProject
Project("{9A19103F-16F7-4668-BE54-9A1E7A4F7556}") = "evelina.Desktop", "evelina.Desktop\evelina.Desktop.csproj", "{64C741D3-8EB4-4ADC-824F-658645E998AA}"
EndProject
Project("{2150E333-8FDC-42A3-9474-1A3956D46DE8}") = "Core", "Core", "{2022F36E-9BE4-4E6E-B772-EEDC6D57701E}"
EndProject
Project("{2150E333-8FDC-42A3-9474-1A3956D46DE8}") = "Common", "Common", "{4B98FFA5-9FF6-4DA1-AAA2-3613FB5B9E86}"
EndProject
Project("{9A19103F-16F7-4668-BE54-9A1E7A4F7556}") = "VisualTools", "Common\VisualTools\VisualTools.csproj", "{CD0F7141-D95C-4EE3-A2FF-148CC847FD84}"
EndProject
Project("{9A19103F-16F7-4668-BE54-9A1E7A4F7556}") = "evelina.Styles", "Common\evelina.Styles\evelina.Styles.csproj", "{6833B3B0-528C-40CA-86C0-79CF6EC13FBB}"
EndProject
Project("{9A19103F-16F7-4668-BE54-9A1E7A4F7556}") = "CTS", "Common\CTS\CTS.csproj", "{896D4F75-5A62-47E3-80AD-2DA300FCAF82}"
EndProject
Project("{2150E333-8FDC-42A3-9474-1A3956D46DE8}") = "Modules", "Modules", "{3F1AC140-DAE2-4E62-88F7-A4DC3B20875C}"
EndProject
Project("{9A19103F-16F7-4668-BE54-9A1E7A4F7556}") = "PortfolioAvalonia", "Modules\PortfolioAvalonia\PortfolioAvalonia.csproj", "{DA5AE6ED-4130-4E11-9E74-3B291A13A512}"
EndProject
Project("{9A19103F-16F7-4668-BE54-9A1E7A4F7556}") = "BookAvalonia", "Modules\BookAvalonia\BookAvalonia.csproj", "{7885A169-CC94-47EA-96EB-A0BE36677722}"
EndProject
Project("{9A19103F-16F7-4668-BE54-9A1E7A4F7556}") = "evelina.Controls", "Common\evelina.Controls\evelina.Controls.csproj", "{9E6C5C01-6265-438D-BA56-575DABEA96CE}"
EndProject
Project("{2150E333-8FDC-42A3-9474-1A3956D46DE8}") = "Solution Items", "Solution Items", "{A1A8823B-8E99-4F71-9FAE-990CF781445F}"
	ProjectSection(SolutionItems) = preProject
		Directory.Build.props = Directory.Build.props
		Directory.Packages.props = Directory.Packages.props
	EndProjectSection
EndProject
Project("{9A19103F-16F7-4668-BE54-9A1E7A4F7556}") = "Tools", "Common\Tools\Tools.csproj", "{0FD392CC-790B-4E04-B4A8-8524881CE5B8}"
EndProject
Project("{9A19103F-16F7-4668-BE54-9A1E7A4F7556}") = "BookImpl", "Core\BookImpl\BookImpl.csproj", "{E6C16320-5D9D-43B3-8CA0-85E2D02BCE8F}"
EndProject
Project("{9A19103F-16F7-4668-BE54-9A1E7A4F7556}") = "BookInterface", "Core\BookInterface\BookInterface.csproj", "{4DB2E40F-FB2F-49DE-8EAC-87FEBB12AF15}"
EndProject
Project("{9A19103F-16F7-4668-BE54-9A1E7A4F7556}") = "PortfolioImpl", "Core\PortfolioImpl\PortfolioImpl.csproj", "{CF2A57D2-1282-4BCE-9629-C836C3C47B79}"
EndProject
Project("{9A19103F-16F7-4668-BE54-9A1E7A4F7556}") = "PortfolioInterface", "Core\PortfolioInterface\PortfolioInterface.csproj", "{838DD329-A1BF-4134-A3E0-0D959D815F40}"
EndProject
Project("{FAE04EC0-301F-11D3-BF4B-00C04F79EFBC}") = "PlotWrapper", "Common\PlotWrapper\PlotWrapper.csproj", "{DB624D4D-5287-4FE8-832F-C698F08E55DA}"
EndProject
Global
	GlobalSection(SolutionConfigurationPlatforms) = preSolution
		Debug|Any CPU = Debug|Any CPU
		Release|Any CPU = Release|Any CPU
	EndGlobalSection
	GlobalSection(ProjectConfigurationPlatforms) = postSolution
		{0447566F-B945-4721-8BC0-662AC0DACA80}.Debug|Any CPU.ActiveCfg = Debug|Any CPU
		{0447566F-B945-4721-8BC0-662AC0DACA80}.Debug|Any CPU.Build.0 = Debug|Any CPU
		{0447566F-B945-4721-8BC0-662AC0DACA80}.Release|Any CPU.ActiveCfg = Release|Any CPU
		{0447566F-B945-4721-8BC0-662AC0DACA80}.Release|Any CPU.Build.0 = Release|Any CPU
		{AFC284DB-B470-4BCB-90AF-6A58F7431428}.Debug|Any CPU.ActiveCfg = Debug|Any CPU
		{AFC284DB-B470-4BCB-90AF-6A58F7431428}.Debug|Any CPU.Build.0 = Debug|Any CPU
		{AFC284DB-B470-4BCB-90AF-6A58F7431428}.Debug|Any CPU.Deploy.0 = Debug|Any CPU
		{AFC284DB-B470-4BCB-90AF-6A58F7431428}.Release|Any CPU.ActiveCfg = Release|Any CPU
		{AFC284DB-B470-4BCB-90AF-6A58F7431428}.Release|Any CPU.Build.0 = Release|Any CPU
		{AFC284DB-B470-4BCB-90AF-6A58F7431428}.Release|Any CPU.Deploy.0 = Release|Any CPU
		{64C741D3-8EB4-4ADC-824F-658645E998AA}.Debug|Any CPU.ActiveCfg = Debug|Any CPU
		{64C741D3-8EB4-4ADC-824F-658645E998AA}.Debug|Any CPU.Build.0 = Debug|Any CPU
		{64C741D3-8EB4-4ADC-824F-658645E998AA}.Release|Any CPU.ActiveCfg = Release|Any CPU
		{64C741D3-8EB4-4ADC-824F-658645E998AA}.Release|Any CPU.Build.0 = Release|Any CPU
		{CD0F7141-D95C-4EE3-A2FF-148CC847FD84}.Debug|Any CPU.ActiveCfg = Debug|Any CPU
		{CD0F7141-D95C-4EE3-A2FF-148CC847FD84}.Debug|Any CPU.Build.0 = Debug|Any CPU
		{CD0F7141-D95C-4EE3-A2FF-148CC847FD84}.Release|Any CPU.ActiveCfg = Release|Any CPU
		{CD0F7141-D95C-4EE3-A2FF-148CC847FD84}.Release|Any CPU.Build.0 = Release|Any CPU
		{6833B3B0-528C-40CA-86C0-79CF6EC13FBB}.Debug|Any CPU.ActiveCfg = Debug|Any CPU
		{6833B3B0-528C-40CA-86C0-79CF6EC13FBB}.Debug|Any CPU.Build.0 = Debug|Any CPU
		{6833B3B0-528C-40CA-86C0-79CF6EC13FBB}.Release|Any CPU.ActiveCfg = Release|Any CPU
		{6833B3B0-528C-40CA-86C0-79CF6EC13FBB}.Release|Any CPU.Build.0 = Release|Any CPU
		{896D4F75-5A62-47E3-80AD-2DA300FCAF82}.Debug|Any CPU.ActiveCfg = Debug|Any CPU
		{896D4F75-5A62-47E3-80AD-2DA300FCAF82}.Debug|Any CPU.Build.0 = Debug|Any CPU
		{896D4F75-5A62-47E3-80AD-2DA300FCAF82}.Release|Any CPU.ActiveCfg = Release|Any CPU
		{896D4F75-5A62-47E3-80AD-2DA300FCAF82}.Release|Any CPU.Build.0 = Release|Any CPU
		{DA5AE6ED-4130-4E11-9E74-3B291A13A512}.Debug|Any CPU.ActiveCfg = Debug|Any CPU
		{DA5AE6ED-4130-4E11-9E74-3B291A13A512}.Debug|Any CPU.Build.0 = Debug|Any CPU
		{DA5AE6ED-4130-4E11-9E74-3B291A13A512}.Release|Any CPU.ActiveCfg = Release|Any CPU
		{DA5AE6ED-4130-4E11-9E74-3B291A13A512}.Release|Any CPU.Build.0 = Release|Any CPU
		{7885A169-CC94-47EA-96EB-A0BE36677722}.Debug|Any CPU.ActiveCfg = Debug|Any CPU
		{7885A169-CC94-47EA-96EB-A0BE36677722}.Debug|Any CPU.Build.0 = Debug|Any CPU
		{7885A169-CC94-47EA-96EB-A0BE36677722}.Release|Any CPU.ActiveCfg = Release|Any CPU
		{7885A169-CC94-47EA-96EB-A0BE36677722}.Release|Any CPU.Build.0 = Release|Any CPU
		{9E6C5C01-6265-438D-BA56-575DABEA96CE}.Debug|Any CPU.ActiveCfg = Debug|Any CPU
		{9E6C5C01-6265-438D-BA56-575DABEA96CE}.Debug|Any CPU.Build.0 = Debug|Any CPU
		{9E6C5C01-6265-438D-BA56-575DABEA96CE}.Release|Any CPU.ActiveCfg = Release|Any CPU
		{9E6C5C01-6265-438D-BA56-575DABEA96CE}.Release|Any CPU.Build.0 = Release|Any CPU
		{0FD392CC-790B-4E04-B4A8-8524881CE5B8}.Debug|Any CPU.ActiveCfg = Debug|Any CPU
		{0FD392CC-790B-4E04-B4A8-8524881CE5B8}.Debug|Any CPU.Build.0 = Debug|Any CPU
		{0FD392CC-790B-4E04-B4A8-8524881CE5B8}.Release|Any CPU.ActiveCfg = Release|Any CPU
		{0FD392CC-790B-4E04-B4A8-8524881CE5B8}.Release|Any CPU.Build.0 = Release|Any CPU
		{E6C16320-5D9D-43B3-8CA0-85E2D02BCE8F}.Debug|Any CPU.ActiveCfg = Debug|Any CPU
		{E6C16320-5D9D-43B3-8CA0-85E2D02BCE8F}.Debug|Any CPU.Build.0 = Debug|Any CPU
		{E6C16320-5D9D-43B3-8CA0-85E2D02BCE8F}.Release|Any CPU.ActiveCfg = Release|Any CPU
		{E6C16320-5D9D-43B3-8CA0-85E2D02BCE8F}.Release|Any CPU.Build.0 = Release|Any CPU
		{4DB2E40F-FB2F-49DE-8EAC-87FEBB12AF15}.Debug|Any CPU.ActiveCfg = Debug|Any CPU
		{4DB2E40F-FB2F-49DE-8EAC-87FEBB12AF15}.Debug|Any CPU.Build.0 = Debug|Any CPU
		{4DB2E40F-FB2F-49DE-8EAC-87FEBB12AF15}.Release|Any CPU.ActiveCfg = Release|Any CPU
		{4DB2E40F-FB2F-49DE-8EAC-87FEBB12AF15}.Release|Any CPU.Build.0 = Release|Any CPU
		{CF2A57D2-1282-4BCE-9629-C836C3C47B79}.Debug|Any CPU.ActiveCfg = Debug|Any CPU
		{CF2A57D2-1282-4BCE-9629-C836C3C47B79}.Debug|Any CPU.Build.0 = Debug|Any CPU
		{CF2A57D2-1282-4BCE-9629-C836C3C47B79}.Release|Any CPU.ActiveCfg = Release|Any CPU
		{CF2A57D2-1282-4BCE-9629-C836C3C47B79}.Release|Any CPU.Build.0 = Release|Any CPU
		{838DD329-A1BF-4134-A3E0-0D959D815F40}.Debug|Any CPU.ActiveCfg = Debug|Any CPU
		{838DD329-A1BF-4134-A3E0-0D959D815F40}.Debug|Any CPU.Build.0 = Debug|Any CPU
		{838DD329-A1BF-4134-A3E0-0D959D815F40}.Release|Any CPU.ActiveCfg = Release|Any CPU
		{838DD329-A1BF-4134-A3E0-0D959D815F40}.Release|Any CPU.Build.0 = Release|Any CPU
		{DB624D4D-5287-4FE8-832F-C698F08E55DA}.Debug|Any CPU.ActiveCfg = Debug|Any CPU
		{DB624D4D-5287-4FE8-832F-C698F08E55DA}.Debug|Any CPU.Build.0 = Debug|Any CPU
		{DB624D4D-5287-4FE8-832F-C698F08E55DA}.Release|Any CPU.ActiveCfg = Release|Any CPU
		{DB624D4D-5287-4FE8-832F-C698F08E55DA}.Release|Any CPU.Build.0 = Release|Any CPU
	EndGlobalSection
	GlobalSection(SolutionProperties) = preSolution
		HideSolutionNode = FALSE
	EndGlobalSection
	GlobalSection(NestedProjects) = preSolution
		{CD0F7141-D95C-4EE3-A2FF-148CC847FD84} = {4B98FFA5-9FF6-4DA1-AAA2-3613FB5B9E86}
		{6833B3B0-528C-40CA-86C0-79CF6EC13FBB} = {4B98FFA5-9FF6-4DA1-AAA2-3613FB5B9E86}
		{896D4F75-5A62-47E3-80AD-2DA300FCAF82} = {4B98FFA5-9FF6-4DA1-AAA2-3613FB5B9E86}
		{DA5AE6ED-4130-4E11-9E74-3B291A13A512} = {3F1AC140-DAE2-4E62-88F7-A4DC3B20875C}
		{7885A169-CC94-47EA-96EB-A0BE36677722} = {3F1AC140-DAE2-4E62-88F7-A4DC3B20875C}
		{9E6C5C01-6265-438D-BA56-575DABEA96CE} = {4B98FFA5-9FF6-4DA1-AAA2-3613FB5B9E86}
		{0FD392CC-790B-4E04-B4A8-8524881CE5B8} = {4B98FFA5-9FF6-4DA1-AAA2-3613FB5B9E86}
		{E6C16320-5D9D-43B3-8CA0-85E2D02BCE8F} = {2022F36E-9BE4-4E6E-B772-EEDC6D57701E}
		{4DB2E40F-FB2F-49DE-8EAC-87FEBB12AF15} = {2022F36E-9BE4-4E6E-B772-EEDC6D57701E}
		{CF2A57D2-1282-4BCE-9629-C836C3C47B79} = {2022F36E-9BE4-4E6E-B772-EEDC6D57701E}
		{838DD329-A1BF-4134-A3E0-0D959D815F40} = {2022F36E-9BE4-4E6E-B772-EEDC6D57701E}
		{DB624D4D-5287-4FE8-832F-C698F08E55DA} = {4B98FFA5-9FF6-4DA1-AAA2-3613FB5B9E86}
	EndGlobalSection
	GlobalSection(ExtensibilityGlobals) = postSolution
		SolutionGuid = {081A83BE-D661-4A77-B245-8A0BE0CF17A0}
	EndGlobalSection
EndGlobal
